// !$*UTF8*$!
{
	archiveVersion = 1;
	classes = {
	};
	objectVersion = 56;
	objects = {

/* Begin PBXBuildFile section */
		300000000000000000000001 /* SpotAltApplication.swift in Sources */ = {isa = PBXBuildFile; fileRef = 400000000000000000000001 /* SpotAltApplication.swift */; };
		300000000000000000000002 /* AppDelegate.swift in Sources */ = {isa = PBXBuildFile; fileRef = 400000000000000000000002 /* AppDelegate.swift */; };
		300000000000000000000003 /* GlobalHotKey.swift in Sources */ = {isa = PBXBuildFile; fileRef = 400000000000000000000003 /* GlobalHotKey.swift */; };
		300000000000000000000004 /* PanelPositioning.swift in Sources */ = {isa = PBXBuildFile; fileRef = 400000000000000000000004 /* PanelPositioning.swift */; };
		300000000000000000000005 /* SearchPanelController.swift in Sources */ = {isa = PBXBuildFile; fileRef = 400000000000000000000005 /* SearchPanelController.swift */; };
		300000000000000000000006 /* SearchViewController.swift in Sources */ = {isa = PBXBuildFile; fileRef = 400000000000000000000006 /* SearchViewController.swift */; };
		300000000000000000000007 /* SettingsWindowController.swift in Sources */ = {isa = PBXBuildFile; fileRef = 400000000000000000000007 /* SettingsWindowController.swift */; };
		300000000000000000000008 /* PanelPositioningTests.swift in Sources */ = {isa = PBXBuildFile; fileRef = 400000000000000000000008 /* PanelPositioningTests.swift */; };
		300000000000000000000009 /* Carbon.framework in Frameworks */ = {isa = PBXBuildFile; fileRef = 40000000000000000000000B /* Carbon.framework */; };
		30000000000000000000000A /* SearchLocationStore.swift in Sources */ = {isa = PBXBuildFile; fileRef = 40000000000000000000000C /* SearchLocationStore.swift */; };
		30000000000000000000000B /* FilenameIndex.swift in Sources */ = {isa = PBXBuildFile; fileRef = 40000000000000000000000D /* FilenameIndex.swift */; };
		30000000000000000000000C /* IndexManagerWindowController.swift in Sources */ = {isa = PBXBuildFile; fileRef = 40000000000000000000000E /* IndexManagerWindowController.swift */; };
		30000000000000000000000D /* FilenameIndexTests.swift in Sources */ = {isa = PBXBuildFile; fileRef = 40000000000000000000000F /* FilenameIndexTests.swift */; };
		30000000000000000000000E /* SQLiteIndexStore.swift in Sources */ = {isa = PBXBuildFile; fileRef = 400000000000000000000010 /* SQLiteIndexStore.swift */; };
		30000000000000000000000F /* libsqlite3.tbd in Frameworks */ = {isa = PBXBuildFile; fileRef = 400000000000000000000011 /* libsqlite3.tbd */; };
		300000000000000000000010 /* SQLiteIndexStoreTests.swift in Sources */ = {isa = PBXBuildFile; fileRef = 400000000000000000000012 /* SQLiteIndexStoreTests.swift */; };
		300000000000000000000011 /* FolderWatcher.swift in Sources */ = {isa = PBXBuildFile; fileRef = 400000000000000000000013 /* FolderWatcher.swift */; };
/* End PBXBuildFile section */

/* Begin PBXContainerItemProxy section */
		800000000000000000000001 /* PBXContainerItemProxy */ = {
			isa = PBXContainerItemProxy;
			containerPortal = 000000000000000000000001 /* Project object */;
			proxyType = 1;
			remoteGlobalIDString = 000000000000000000000002;
			remoteInfo = SpotAlt;
		};
/* End PBXContainerItemProxy section */

/* Begin PBXFileReference section */
		100000000000000000000001 /* SpotAlt.app */ = {isa = PBXFileReference; explicitFileType = wrapper.application; includeInIndex = 0; path = SpotAlt.app; sourceTree = BUILT_PRODUCTS_DIR; };
		100000000000000000000002 /* SpotAltTests.xctest */ = {isa = PBXFileReference; explicitFileType = wrapper.cfbundle; includeInIndex = 0; path = SpotAltTests.xctest; sourceTree = BUILT_PRODUCTS_DIR; };
		400000000000000000000001 /* SpotAltApplication.swift */ = {isa = PBXFileReference; lastKnownFileType = sourcecode.swift; path = SpotAltApplication.swift; sourceTree = "<group>"; };
		400000000000000000000002 /* AppDelegate.swift */ = {isa = PBXFileReference; lastKnownFileType = sourcecode.swift; path = AppDelegate.swift; sourceTree = "<group>"; };
		400000000000000000000003 /* GlobalHotKey.swift */ = {isa = PBXFileReference; lastKnownFileType = sourcecode.swift; path = GlobalHotKey.swift; sourceTree = "<group>"; };
		400000000000000000000004 /* PanelPositioning.swift */ = {isa = PBXFileReference; lastKnownFileType = sourcecode.swift; path = PanelPositioning.swift; sourceTree = "<group>"; };
		400000000000000000000005 /* SearchPanelController.swift */ = {isa = PBXFileReference; lastKnownFileType = sourcecode.swift; path = SearchPanelController.swift; sourceTree = "<group>"; };
		400000000000000000000006 /* SearchViewController.swift */ = {isa = PBXFileReference; lastKnownFileType = sourcecode.swift; path = SearchViewController.swift; sourceTree = "<group>"; };
		400000000000000000000007 /* SettingsWindowController.swift */ = {isa = PBXFileReference; lastKnownFileType = sourcecode.swift; path = SettingsWindowController.swift; sourceTree = "<group>"; };
		400000000000000000000008 /* PanelPositioningTests.swift */ = {isa = PBXFileReference; lastKnownFileType = sourcecode.swift; path = PanelPositioningTests.swift; sourceTree = "<group>"; };
		400000000000000000000009 /* Info.plist */ = {isa = PBXFileReference; lastKnownFileType = text.plist.xml; path = Info.plist; sourceTree = "<group>"; };
		40000000000000000000000A /* SpotAlt.entitlements */ = {isa = PBXFileReference; lastKnownFileType = text.plist.entitlements; path = SpotAlt.entitlements; sourceTree = "<group>"; };
		40000000000000000000000B /* Carbon.framework */ = {isa = PBXFileReference; lastKnownFileType = wrapper.framework; name = Carbon.framework; path = System/Library/Frameworks/Carbon.framework; sourceTree = SDKROOT; };
		40000000000000000000000C /* SearchLocationStore.swift */ = {isa = PBXFileReference; lastKnownFileType = sourcecode.swift; path = SearchLocationStore.swift; sourceTree = "<group>"; };
		40000000000000000000000D /* FilenameIndex.swift */ = {isa = PBXFileReference; lastKnownFileType = sourcecode.swift; path = FilenameIndex.swift; sourceTree = "<group>"; };
		40000000000000000000000E /* IndexManagerWindowController.swift */ = {isa = PBXFileReference; lastKnownFileType = sourcecode.swift; path = IndexManagerWindowController.swift; sourceTree = "<group>"; };
		40000000000000000000000F /* FilenameIndexTests.swift */ = {isa = PBXFileReference; lastKnownFileType = sourcecode.swift; path = FilenameIndexTests.swift; sourceTree = "<group>"; };
		400000000000000000000010 /* SQLiteIndexStore.swift */ = {isa = PBXFileReference; lastKnownFileType = sourcecode.swift; path = SQLiteIndexStore.swift; sourceTree = "<group>"; };
		400000000000000000000011 /* libsqlite3.tbd */ = {isa = PBXFileReference; lastKnownFileType = sourcecode.text-based-dylib-definition; name = libsqlite3.tbd; path = usr/lib/libsqlite3.tbd; sourceTree = SDKROOT; };
		400000000000000000000012 /* SQLiteIndexStoreTests.swift */ = {isa = PBXFileReference; lastKnownFileType = sourcecode.swift; path = SQLiteIndexStoreTests.swift; sourceTree = "<group>"; };
		400000000000000000000013 /* FolderWatcher.swift */ = {isa = PBXFileReference; lastKnownFileType = sourcecode.swift; path = FolderWatcher.swift; sourceTree = "<group>"; };
/* End PBXFileReference section */

/* Begin PBXFrameworksBuildPhase section */
		500000000000000000000002 /* Frameworks */ = {
			isa = PBXFrameworksBuildPhase;
			buildActionMask = 2147483647;
			files = (
				300000000000000000000009 /* Carbon.framework in Frameworks */,
				30000000000000000000000F /* libsqlite3.tbd in Frameworks */,
			);
			runOnlyForDeploymentPostprocessing = 0;
		};
		500000000000000000000012 /* Frameworks */ = {
			isa = PBXFrameworksBuildPhase;
			buildActionMask = 2147483647;
			files = (
			);
			runOnlyForDeploymentPostprocessing = 0;
		};
/* End PBXFrameworksBuildPhase section */

/* Begin PBXGroup section */
		200000000000000000000001 = {
			isa = PBXGroup;
			children = (
				200000000000000000000003 /* SpotAlt */,
				200000000000000000000004 /* SpotAltTests */,
				40000000000000000000000B /* Carbon.framework */,
				400000000000000000000011 /* libsqlite3.tbd */,
				200000000000000000000002 /* Products */,
			);
			sourceTree = "<group>";
		};
		200000000000000000000002 /* Products */ = {
			isa = PBXGroup;
			children = (
				100000000000000000000001 /* SpotAlt.app */,
				100000000000000000000002 /* SpotAltTests.xctest */,
			);
			name = Products;
			sourceTree = "<group>";
		};
		200000000000000000000003 /* SpotAlt */ = {
			isa = PBXGroup;
			children = (
				400000000000000000000001 /* SpotAltApplication.swift */,
				400000000000000000000002 /* AppDelegate.swift */,
				400000000000000000000003 /* GlobalHotKey.swift */,
				400000000000000000000004 /* PanelPositioning.swift */,
				400000000000000000000005 /* SearchPanelController.swift */,
				400000000000000000000006 /* SearchViewController.swift */,
				400000000000000000000007 /* SettingsWindowController.swift */,
				40000000000000000000000C /* SearchLocationStore.swift */,
				40000000000000000000000D /* FilenameIndex.swift */,
				400000000000000000000013 /* FolderWatcher.swift */,
				400000000000000000000010 /* SQLiteIndexStore.swift */,
				40000000000000000000000E /* IndexManagerWindowController.swift */,
				400000000000000000000009 /* Info.plist */,
				40000000000000000000000A /* SpotAlt.entitlements */,
			);
			path = SpotAlt;
			sourceTree = "<group>";
		};
		200000000000000000000004 /* SpotAltTests */ = {
			isa = PBXGroup;
			children = (
				400000000000000000000008 /* PanelPositioningTests.swift */,
				40000000000000000000000F /* FilenameIndexTests.swift */,
				400000000000000000000012 /* SQLiteIndexStoreTests.swift */,
			);
			path = SpotAltTests;
			sourceTree = "<group>";
		};
/* End PBXGroup section */

/* Begin PBXNativeTarget section */
		000000000000000000000002 /* SpotAlt */ = {
			isa = PBXNativeTarget;
			buildConfigurationList = 700000000000000000000002 /* Build configuration list for PBXNativeTarget "SpotAlt" */;
			buildPhases = (
				500000000000000000000001 /* Sources */,
				500000000000000000000002 /* Frameworks */,
				500000000000000000000003 /* Resources */,
			);
			buildRules = (
			);
			dependencies = (
			);
			name = SpotAlt;
			productName = SpotAlt;
			productReference = 100000000000000000000001 /* SpotAlt.app */;
			productType = "com.apple.product-type.application";
		};
		000000000000000000000003 /* SpotAltTests */ = {
			isa = PBXNativeTarget;
			buildConfigurationList = 700000000000000000000003 /* Build configuration list for PBXNativeTarget "SpotAltTests" */;
			buildPhases = (
				500000000000000000000011 /* Sources */,
				500000000000000000000012 /* Frameworks */,
				500000000000000000000013 /* Resources */,
			);
			buildRules = (
			);
			dependencies = (
				800000000000000000000002 /* PBXTargetDependency */,
			);
			name = SpotAltTests;
			productName = SpotAltTests;
			productReference = 100000000000000000000002 /* SpotAltTests.xctest */;
			productType = "com.apple.product-type.bundle.unit-test";
		};
/* End PBXNativeTarget section */

/* Begin PBXProject section */
		000000000000000000000001 /* Project object */ = {
			isa = PBXProject;
			attributes = {
				BuildIndependentTargetsInParallel = 1;
				LastSwiftUpdateCheck = 1600;
				LastUpgradeCheck = 1600;
				TargetAttributes = {
					000000000000000000000002 = {
						CreatedOnToolsVersion = 16.0;
					};
					000000000000000000000003 = {
						CreatedOnToolsVersion = 16.0;
						TestTargetID = 000000000000000000000002;
					};
				};
			};
			buildConfigurationList = 700000000000000000000001 /* Build configuration list for PBXProject "SpotAlt" */;
			compatibilityVersion = "Xcode 14.0";
			developmentRegion = en;
			hasScannedForEncodings = 0;
			knownRegions = (
				en,
				Base,
			);
			mainGroup = 200000000000000000000001;
			productRefGroup = 200000000000000000000002 /* Products */;
			projectDirPath = "";
			projectRoot = "";
			targets = (
				000000000000000000000002 /* SpotAlt */,
				000000000000000000000003 /* SpotAltTests */,
			);
		};
/* End PBXProject section */

/* Begin PBXResourcesBuildPhase section */
		500000000000000000000003 /* Resources */ = {
			isa = PBXResourcesBuildPhase;
			buildActionMask = 2147483647;
			files = (
			);
			runOnlyForDeploymentPostprocessing = 0;
		};
		500000000000000000000013 /* Resources */ = {
			isa = PBXResourcesBuildPhase;
			buildActionMask = 2147483647;
			files = (
			);
			runOnlyForDeploymentPostprocessing = 0;
		};
/* End PBXResourcesBuildPhase section */

/* Begin PBXSourcesBuildPhase section */
		500000000000000000000001 /* Sources */ = {
			isa = PBXSourcesBuildPhase;
			buildActionMask = 2147483647;
			files = (
				300000000000000000000001 /* SpotAltApplication.swift in Sources */,
				300000000000000000000002 /* AppDelegate.swift in Sources */,
				300000000000000000000003 /* GlobalHotKey.swift in Sources */,
				300000000000000000000004 /* PanelPositioning.swift in Sources */,
				300000000000000000000005 /* SearchPanelController.swift in Sources */,
				300000000000000000000006 /* SearchViewController.swift in Sources */,
				300000000000000000000007 /* SettingsWindowController.swift in Sources */,
				30000000000000000000000A /* SearchLocationStore.swift in Sources */,
				30000000000000000000000B /* FilenameIndex.swift in Sources */,
				300000000000000000000011 /* FolderWatcher.swift in Sources */,
				30000000000000000000000E /* SQLiteIndexStore.swift in Sources */,
				30000000000000000000000C /* IndexManagerWindowController.swift in Sources */,
			);
			runOnlyForDeploymentPostprocessing = 0;
		};
		500000000000000000000011 /* Sources */ = {
			isa = PBXSourcesBuildPhase;
			buildActionMask = 2147483647;
			files = (
				300000000000000000000008 /* PanelPositioningTests.swift in Sources */,
				30000000000000000000000D /* FilenameIndexTests.swift in Sources */,
				300000000000000000000010 /* SQLiteIndexStoreTests.swift in Sources */,
			);
			runOnlyForDeploymentPostprocessing = 0;
		};
/* End PBXSourcesBuildPhase section */

/* Begin PBXTargetDependency section */
		800000000000000000000002 /* PBXTargetDependency */ = {
			isa = PBXTargetDependency;
			target = 000000000000000000000002 /* SpotAlt */;
			targetProxy = 800000000000000000000001 /* PBXContainerItemProxy */;
		};
/* End PBXTargetDependency section */

/* Begin XCBuildConfiguration section */
		600000000000000000000001 /* Debug */ = {
			isa = XCBuildConfiguration;
			buildSettings = {
				ALWAYS_SEARCH_USER_PATHS = NO;
				ARCHS = arm64;
				CLANG_ANALYZER_NONNULL = YES;
				CLANG_ENABLE_MODULES = YES;
				CLANG_ENABLE_OBJC_ARC = YES;
				COPY_PHASE_STRIP = NO;
				DEBUG_INFORMATION_FORMAT = dwarf;
				ENABLE_TESTABILITY = YES;
				GCC_C_LANGUAGE_STANDARD = gnu17;
				GCC_NO_COMMON_BLOCKS = YES;
				MACOSX_DEPLOYMENT_TARGET = 14.0;
				ONLY_ACTIVE_ARCH = YES;
				SDKROOT = macosx;
				SWIFT_ACTIVE_COMPILATION_CONDITIONS = DEBUG;
				SWIFT_OPTIMIZATION_LEVEL = "-Onone";
				SWIFT_VERSION = 5.0;
			};
			name = Debug;
		};
		600000000000000000000002 /* Release */ = {
			isa = XCBuildConfiguration;
			buildSettings = {
				ALWAYS_SEARCH_USER_PATHS = NO;
				ARCHS = arm64;
				CLANG_ANALYZER_NONNULL = YES;
				CLANG_ENABLE_MODULES = YES;
				CLANG_ENABLE_OBJC_ARC = YES;
				COPY_PHASE_STRIP = YES;
				DEBUG_INFORMATION_FORMAT = "dwarf-with-dsym";
				ENABLE_NS_ASSERTIONS = NO;
				GCC_C_LANGUAGE_STANDARD = gnu17;
				GCC_NO_COMMON_BLOCKS = YES;
				MACOSX_DEPLOYMENT_TARGET = 14.0;
				SDKROOT = macosx;
				SWIFT_COMPILATION_MODE = wholemodule;
				SWIFT_OPTIMIZATION_LEVEL = "-O";
				SWIFT_VERSION = 5.0;
			};
			name = Release;
		};
		600000000000000000000011 /* Debug */ = {
			isa = XCBuildConfiguration;
			buildSettings = {
				CODE_SIGN_ENTITLEMENTS = SpotAlt/SpotAlt.entitlements;
				CODE_SIGN_IDENTITY = "-";
				CODE_SIGN_STYLE = Manual;
				CURRENT_PROJECT_VERSION = 1;
				DEVELOPMENT_LANGUAGE = en;
				ENABLE_HARDENED_RUNTIME = YES;
				GENERATE_INFOPLIST_FILE = NO;
				INFOPLIST_FILE = SpotAlt/Info.plist;
				LD_RUNPATH_SEARCH_PATHS = (
					"$(inherited)",
					"@executable_path/../Frameworks",
				);
				MARKETING_VERSION = 0.1.0;
				PRODUCT_BUNDLE_IDENTIFIER = com.vez.search;
				PRODUCT_NAME = "$(TARGET_NAME)";
				SWIFT_EMIT_LOC_STRINGS = YES;
			};
			name = Debug;
		};
		600000000000000000000012 /* Release */ = {
			isa = XCBuildConfiguration;
			buildSettings = {
				CODE_SIGN_ENTITLEMENTS = SpotAlt/SpotAlt.entitlements;
				CODE_SIGN_IDENTITY = "-";
				CODE_SIGN_STYLE = Manual;
				CURRENT_PROJECT_VERSION = 1;
				DEVELOPMENT_LANGUAGE = en;
				ENABLE_HARDENED_RUNTIME = YES;
				GENERATE_INFOPLIST_FILE = NO;
				INFOPLIST_FILE = SpotAlt/Info.plist;
				LD_RUNPATH_SEARCH_PATHS = (
					"$(inherited)",
					"@executable_path/../Frameworks",
				);
				MARKETING_VERSION = 0.1.0;
				PRODUCT_BUNDLE_IDENTIFIER = com.vez.search;
				PRODUCT_NAME = "$(TARGET_NAME)";
				SWIFT_EMIT_LOC_STRINGS = YES;
			};
			name = Release;
		};
		600000000000000000000021 /* Debug */ = {
			isa = XCBuildConfiguration;
			buildSettings = {
				BUNDLE_LOADER = "$(TEST_HOST)";
				CODE_SIGN_IDENTITY = "-";
				CODE_SIGN_STYLE = Manual;
				GENERATE_INFOPLIST_FILE = YES;
				PRODUCT_BUNDLE_IDENTIFIER = com.vez.search.tests;
				PRODUCT_NAME = "$(TARGET_NAME)";
				TEST_HOST = "$(BUILT_PRODUCTS_DIR)/SpotAlt.app/Contents/MacOS/SpotAlt";
			};
			name = Debug;
		};
		600000000000000000000022 /* Release */ = {
			isa = XCBuildConfiguration;
			buildSettings = {
				BUNDLE_LOADER = "$(TEST_HOST)";
				CODE_SIGN_IDENTITY = "-";
				CODE_SIGN_STYLE = Manual;
				GENERATE_INFOPLIST_FILE = YES;
				PRODUCT_BUNDLE_IDENTIFIER = com.vez.search.tests;
				PRODUCT_NAME = "$(TARGET_NAME)";
				TEST_HOST = "$(BUILT_PRODUCTS_DIR)/SpotAlt.app/Contents/MacOS/SpotAlt";
			};
			name = Release;
		};
/* End XCBuildConfiguration section */

/* Begin XCConfigurationList section */
		700000000000000000000001 /* Build configuration list for PBXProject "SpotAlt" */ = {
			isa = XCConfigurationList;
			buildConfigurations = (
				600000000000000000000001 /* Debug */,
				600000000000000000000002 /* Release */,
			);
			defaultConfigurationIsVisible = 0;
			defaultConfigurationName = Release;
		};
		700000000000000000000002 /* Build configuration list for PBXNativeTarget "SpotAlt" */ = {
			isa = XCConfigurationList;
			buildConfigurations = (
				600000000000000000000011 /* Debug */,
				600000000000000000000012 /* Release */,
			);
			defaultConfigurationIsVisible = 0;
			defaultConfigurationName = Release;
		};
		700000000000000000000003 /* Build configuration list for PBXNativeTarget "SpotAltTests" */ = {
			isa = XCConfigurationList;
			buildConfigurations = (
				600000000000000000000021 /* Debug */,
				600000000000000000000022 /* Release */,
			);
			defaultConfigurationIsVisible = 0;
			defaultConfigurationName = Release;
		};
/* End XCConfigurationList section */
	};
	rootObject = 000000000000000000000001 /* Project object */;
}
